
Microsoft Visual Studio Solution File, Format Version 12.00
# Visual Studio Version 16
VisualStudioVersion = 25.0.1706.12
MinimumVisualStudioVersion = 10.0.40219.1
Project("{FAE04EC0-301F-11D3-BF4B-00C04F79EFBC}") = "EMS1", "EMS1\EMS1.csproj", "{202E0EE7-B045-46A9-9D84-36D6A07C1904}"
EndProject
Global
	GlobalSection(SolutionConfigurationPlatforms) = preSolution
		Debug|Any CPU = Debug|Any CPU
		Release|Any CPU = Release|Any CPU
	EndGlobalSection
	GlobalSection(ProjectConfigurationPlatforms) = postSolution
		{202E0EE7-B045-46A9-9D84-36D6A07C1904}.Debug|Any CPU.ActiveCfg = Debug|Any CPU
		{202E0EE7-B045-46A9-9D84-36D6A07C1904}.Debug|Any CPU.Build.0 = Debug|Any CPU
		{202E0EE7-B045-46A9-9D84-36D6A07C1904}.Release|Any CPU.ActiveCfg = Release|Any CPU
		{202E0EE7-B045-46A9-9D84-36D6A07C1904}.Release|Any CPU.Build.0 = Release|Any CPU
	EndGlobalSection
	GlobalSection(SolutionProperties) = preSolution
		HideSolutionNode = FALSE
	EndGlobalSection
	GlobalSection(ExtensibilityGlobals) = postSolution
		SolutionGuid = {D2802A4F-3801-45C6-92DD-A000FD9B6A56}
	EndGlobalSection
EndGlobal
